{
  "name": "rimaykuna",
  "version": "1.0.0",
  "lockfileVersion": 3,
  "requires": true,
  "packages": {
    "": {
      "name": "rimaykuna",
      "version": "1.0.0",
      "license": "ISC",
      "dependencies": {
        "hierarchical-node-structure": "^1.0.4"
      }
    },
    "node_modules/hierarchical-node-structure": {
      "version": "1.0.4",
      "resolved": "https://registry.npmjs.org/hierarchical-node-structure/-/hierarchical-node-structure-1.0.4.tgz",
      "integrity": "sha512-DwC8TedA3MM92pt9QReRuWoerMMEtZxuuMly+zUyFi6Un4IrUFUn0krwYwFZSdM6edHmsmcau30pk3zBG2ZVMw=="
    }
  }
}
